
Microsoft Visual Studio Solution File, Format Version 12.00
# Visual Studio 15
VisualStudioVersion = 15.0.27703.2042
MinimumVisualStudioVersion = 10.0.40219.1
Project("{FAE04EC0-301F-11D3-BF4B-00C04F79EFBC}") = "BecaDotNet.Domain", "BecaDotNet.Domain\BecaDotNet.Domain.csproj", "{FE6D3802-7154-4C16-9202-89D97F5144D9}"
EndProject
Project("{FAE04EC0-301F-11D3-BF4B-00C04F79EFBC}") = "BecaDotNet.Infrastructure", "BecaDotNet.Infrastructure\BecaDotNet.Infrastructure.csproj", "{4C722B03-14A5-4812-9AA5-A36D4115A503}"
EndProject
Project("{FAE04EC0-301F-11D3-BF4B-00C04F79EFBC}") = "BecaDotNet.Repository", "BecaDotNet.Repository\BecaDotNet.Repository.csproj", "{7F8D736D-78FE-44E5-8B16-0859BAE13557}"
EndProject
Project("{FAE04EC0-301F-11D3-BF4B-00C04F79EFBC}") = "BecaDotNet.ApplicationService", "BecaDotNet.ApplicationService\BecaDotNet.ApplicationService.csproj", "{1D0B77A5-92FF-4B17-85DF-29F51AAC1DAA}"
EndProject
Project("{E24C65DC-7377-472B-9ABA-BC803B73C61A}") = "BecaDotNet.UI.WebForms", "BecaDotNet.UI.WebForms\", "{7B5B7FDA-4CF5-42AD-BAE6-FB2D14316D7A}"
	ProjectSection(WebsiteProperties) = preProject
		TargetFrameworkMoniker = ".NETFramework,Version%3Dv4.0"
		Debug.AspNetCompiler.VirtualPath = "/localhost_51712"
		Debug.AspNetCompiler.PhysicalPath = "BecaDotNet.UI.WebForms\"
		Debug.AspNetCompiler.TargetPath = "PrecompiledWeb\localhost_51712\"
		Debug.AspNetCompiler.Updateable = "true"
		Debug.AspNetCompiler.ForceOverwrite = "true"
		Debug.AspNetCompiler.FixedNames = "false"
		Debug.AspNetCompiler.Debug = "True"
		Release.AspNetCompiler.VirtualPath = "/localhost_51712"
		Release.AspNetCompiler.PhysicalPath = "BecaDotNet.UI.WebForms\"
		Release.AspNetCompiler.TargetPath = "PrecompiledWeb\localhost_51712\"
		Release.AspNetCompiler.Updateable = "true"
		Release.AspNetCompiler.ForceOverwrite = "true"
		Release.AspNetCompiler.FixedNames = "false"
		Release.AspNetCompiler.Debug = "False"
		VWDPort = "51712"
		DefaultWebSiteLanguage = "Visual C#"
	EndProjectSection
EndProject
Project("{E24C65DC-7377-472B-9ABA-BC803B73C61A}") = "BecaDotNet.UI.MVC.Razor", "BecaDotNet.UI.MVC.Razor\", "{2EB1F40F-5E03-4F91-A4F3-48F85A56D710}"
	ProjectSection(WebsiteProperties) = preProject
		TargetFrameworkMoniker = ".NETFramework,Version%3Dv4.7.1"
		Debug.AspNetCompiler.VirtualPath = "/localhost_51829"
		Debug.AspNetCompiler.PhysicalPath = "BecaDotNet.UI.MVC.Razor\"
		Debug.AspNetCompiler.TargetPath = "PrecompiledWeb\localhost_51829\"
		Debug.AspNetCompiler.Updateable = "true"
		Debug.AspNetCompiler.ForceOverwrite = "true"
		Debug.AspNetCompiler.FixedNames = "false"
		Debug.AspNetCompiler.Debug = "True"
		Release.AspNetCompiler.VirtualPath = "/localhost_51829"
		Release.AspNetCompiler.PhysicalPath = "BecaDotNet.UI.MVC.Razor\"
		Release.AspNetCompiler.TargetPath = "PrecompiledWeb\localhost_51829\"
		Release.AspNetCompiler.Updateable = "true"
		Release.AspNetCompiler.ForceOverwrite = "true"
		Release.AspNetCompiler.FixedNames = "false"
		Release.AspNetCompiler.Debug = "False"
		VWDPort = "51829"
		DefaultWebSiteLanguage = "Visual C#"
	EndProjectSection
EndProject
Project("{FAE04EC0-301F-11D3-BF4B-00C04F79EFBC}") = "BecaDotNet.UI.MVC.WebAPI", "BecaDotNet.UI.MVC.WebAPI\BecaDotNet.UI.MVC.WebAPI.csproj", "{45F2EE75-7BFE-4CB8-B324-68FAF1598E8F}"
EndProject
Global
	GlobalSection(SolutionConfigurationPlatforms) = preSolution
		Debug|Any CPU = Debug|Any CPU
		Release|Any CPU = Release|Any CPU
	EndGlobalSection
	GlobalSection(ProjectConfigurationPlatforms) = postSolution
		{FE6D3802-7154-4C16-9202-89D97F5144D9}.Debug|Any CPU.ActiveCfg = Debug|Any CPU
		{FE6D3802-7154-4C16-9202-89D97F5144D9}.Debug|Any CPU.Build.0 = Debug|Any CPU
		{FE6D3802-7154-4C16-9202-89D97F5144D9}.Release|Any CPU.ActiveCfg = Release|Any CPU
		{FE6D3802-7154-4C16-9202-89D97F5144D9}.Release|Any CPU.Build.0 = Release|Any CPU
		{4C722B03-14A5-4812-9AA5-A36D4115A503}.Debug|Any CPU.ActiveCfg = Debug|Any CPU
		{4C722B03-14A5-4812-9AA5-A36D4115A503}.Debug|Any CPU.Build.0 = Debug|Any CPU
		{4C722B03-14A5-4812-9AA5-A36D4115A503}.Release|Any CPU.ActiveCfg = Release|Any CPU
		{4C722B03-14A5-4812-9AA5-A36D4115A503}.Release|Any CPU.Build.0 = Release|Any CPU
		{7F8D736D-78FE-44E5-8B16-0859BAE13557}.Debug|Any CPU.ActiveCfg = Debug|Any CPU
		{7F8D736D-78FE-44E5-8B16-0859BAE13557}.Debug|Any CPU.Build.0 = Debug|Any CPU
		{7F8D736D-78FE-44E5-8B16-0859BAE13557}.Release|Any CPU.ActiveCfg = Release|Any CPU
		{7F8D736D-78FE-44E5-8B16-0859BAE13557}.Release|Any CPU.Build.0 = Release|Any CPU
		{1D0B77A5-92FF-4B17-85DF-29F51AAC1DAA}.Debug|Any CPU.ActiveCfg = Debug|Any CPU
		{1D0B77A5-92FF-4B17-85DF-29F51AAC1DAA}.Debug|Any CPU.Build.0 = Debug|Any CPU
		{1D0B77A5-92FF-4B17-85DF-29F51AAC1DAA}.Release|Any CPU.ActiveCfg = Release|Any CPU
		{1D0B77A5-92FF-4B17-85DF-29F51AAC1DAA}.Release|Any CPU.Build.0 = Release|Any CPU
		{7B5B7FDA-4CF5-42AD-BAE6-FB2D14316D7A}.Debug|Any CPU.ActiveCfg = Debug|Any CPU
		{7B5B7FDA-4CF5-42AD-BAE6-FB2D14316D7A}.Debug|Any CPU.Build.0 = Debug|Any CPU
		{7B5B7FDA-4CF5-42AD-BAE6-FB2D14316D7A}.Release|Any CPU.ActiveCfg = Debug|Any CPU
		{7B5B7FDA-4CF5-42AD-BAE6-FB2D14316D7A}.Release|Any CPU.Build.0 = Debug|Any CPU
		{2EB1F40F-5E03-4F91-A4F3-48F85A56D710}.Debug|Any CPU.ActiveCfg = Debug|Any CPU
		{2EB1F40F-5E03-4F91-A4F3-48F85A56D710}.Debug|Any CPU.Build.0 = Debug|Any CPU
		{2EB1F40F-5E03-4F91-A4F3-48F85A56D710}.Release|Any CPU.ActiveCfg = Debug|Any CPU
		{2EB1F40F-5E03-4F91-A4F3-48F85A56D710}.Release|Any CPU.Build.0 = Debug|Any CPU
		{45F2EE75-7BFE-4CB8-B324-68FAF1598E8F}.Debug|Any CPU.ActiveCfg = Debug|Any CPU
		{45F2EE75-7BFE-4CB8-B324-68FAF1598E8F}.Debug|Any CPU.Build.0 = Debug|Any CPU
		{45F2EE75-7BFE-4CB8-B324-68FAF1598E8F}.Release|Any CPU.ActiveCfg = Release|Any CPU
		{45F2EE75-7BFE-4CB8-B324-68FAF1598E8F}.Release|Any CPU.Build.0 = Release|Any CPU
	EndGlobalSection
	GlobalSection(SolutionProperties) = preSolution
		HideSolutionNode = FALSE
	EndGlobalSection
	GlobalSection(ExtensibilityGlobals) = postSolution
		SolutionGuid = {64AF1371-E26B-429A-B456-5405870EFE74}
	EndGlobalSection
EndGlobal
